
Microsoft Visual Studio Solution File, Format Version 12.00
# Visual Studio Version 17
VisualStudioVersion = 17.6.33801.468
MinimumVisualStudioVersion = 10.0.40219.1
Project("{FAE04EC0-301F-11D3-BF4B-00C04F79EFBC}") = "ConsoleApp4", "ConsoleApp4.csproj", "{8F2D3275-758B-4F5D-91D0-1B7E240C2194}"
EndProject
Global
	GlobalSection(SolutionConfigurationPlatforms) = preSolution
		Debug|Any CPU = Debug|Any CPU
		Release|Any CPU = Release|Any CPU
	EndGlobalSection
	GlobalSection(ProjectConfigurationPlatforms) = postSolution
		{8F2D3275-758B-4F5D-91D0-1B7E240C2194}.Debug|Any CPU.ActiveCfg = Debug|Any CPU
		{8F2D3275-758B-4F5D-91D0-1B7E240C2194}.Debug|Any CPU.Build.0 = Debug|Any CPU
		{8F2D3275-758B-4F5D-91D0-1B7E240C2194}.Release|Any CPU.ActiveCfg = Release|Any CPU
		{8F2D3275-758B-4F5D-91D0-1B7E240C2194}.Release|Any CPU.Build.0 = Release|Any CPU
	EndGlobalSection
	GlobalSection(SolutionProperties) = preSolution
		HideSolutionNode = FALSE
	EndGlobalSection
	GlobalSection(ExtensibilityGlobals) = postSolution
		SolutionGuid = {7BF83B96-638A-432D-8230-84A12113D9D8}
	EndGlobalSection
EndGlobal
